// !$*UTF8*$!
{
	archiveVersion = 1;
	classes = {
	};
	objectVersion = 46;
	objects = {

/* Begin PBXBuildFile section */
		341691371DC3AFBD000ACF86 /* AppDelegate.swift in Sources */ = {isa = PBXBuildFile; fileRef = 341691361DC3AFBD000ACF86 /* AppDelegate.swift */; };
		3416913E1DC3AFBD000ACF86 /* Main.storyboard in Resources */ = {isa = PBXBuildFile; fileRef = 3416913C1DC3AFBD000ACF86 /* Main.storyboard */; };
		341691401DC3AFBD000ACF86 /* Assets.xcassets in Resources */ = {isa = PBXBuildFile; fileRef = 3416913F1DC3AFBD000ACF86 /* Assets.xcassets */; };
		341691431DC3AFBD000ACF86 /* LaunchScreen.storyboard in Resources */ = {isa = PBXBuildFile; fileRef = 341691411DC3AFBD000ACF86 /* LaunchScreen.storyboard */; };
		3416914B1DC3B4F0000ACF86 /* ReferenceViewController.swift in Sources */ = {isa = PBXBuildFile; fileRef = 3416914A1DC3B4F0000ACF86 /* ReferenceViewController.swift */; };
		344D87821DCA74A800F2C2E2 /* GameScene.sks in Resources */ = {isa = PBXBuildFile; fileRef = 344D87811DCA74A800F2C2E2 /* GameScene.sks */; };
		344F52591DC79B66005BC792 /* TabBarViewController.swift in Sources */ = {isa = PBXBuildFile; fileRef = 344F52581DC79B66005BC792 /* TabBarViewController.swift */; };
		344F525B1DC7B86A005BC792 /* NavigationController.swift in Sources */ = {isa = PBXBuildFile; fileRef = 344F525A1DC7B86A005BC792 /* NavigationController.swift */; };
		34517A7E1DC3C2E300E71017 /* ReferenceCollectionViewCell.swift in Sources */ = {isa = PBXBuildFile; fileRef = 34517A7D1DC3C2E300E71017 /* ReferenceCollectionViewCell.swift */; };
		349E20C81DC94B8800EBAAC7 /* chemicalComponent.swift in Sources */ = {isa = PBXBuildFile; fileRef = 349E20C71DC94B8800EBAAC7 /* chemicalComponent.swift */; };
		349E20CA1DC94C7D00EBAAC7 /* chemicalCompound.swift in Sources */ = {isa = PBXBuildFile; fileRef = 349E20C91DC94C7D00EBAAC7 /* chemicalCompound.swift */; };
		349E20CC1DC96ADA00EBAAC7 /* setupDB.swift in Sources */ = {isa = PBXBuildFile; fileRef = 349E20CB1DC96ADA00EBAAC7 /* setupDB.swift */; };
		34A3E7F31DC814E700E54712 /* InformationViewController.swift in Sources */ = {isa = PBXBuildFile; fileRef = 34A3E7F21DC814E700E54712 /* InformationViewController.swift */; };
		34BC78C21DC846D2004128F3 /* ExamViewController.swift in Sources */ = {isa = PBXBuildFile; fileRef = 34BC78C11DC846D2004128F3 /* ExamViewController.swift */; };
		34BC78C41DC854F0004128F3 /* GameMenuViewController.swift in Sources */ = {isa = PBXBuildFile; fileRef = 34BC78C31DC854F0004128F3 /* GameMenuViewController.swift */; };
		34BC78F21DC92708004128F3 /* Realm.framework in Frameworks */ = {isa = PBXBuildFile; fileRef = 34BC78F11DC92708004128F3 /* Realm.framework */; };
		34BC78F31DC92708004128F3 /* Realm.framework in Embed Frameworks */ = {isa = PBXBuildFile; fileRef = 34BC78F11DC92708004128F3 /* Realm.framework */; settings = {ATTRIBUTES = (CodeSignOnCopy, RemoveHeadersOnCopy, ); }; };
		34BC78F61DC9270E004128F3 /* RealmSwift.framework in Frameworks */ = {isa = PBXBuildFile; fileRef = 34BC78F51DC9270E004128F3 /* RealmSwift.framework */; };
		34BC78F71DC9270E004128F3 /* RealmSwift.framework in Embed Frameworks */ = {isa = PBXBuildFile; fileRef = 34BC78F51DC9270E004128F3 /* RealmSwift.framework */; settings = {ATTRIBUTES = (CodeSignOnCopy, RemoveHeadersOnCopy, ); }; };
		34BC78FB1DC93318004128F3 /* gameData.swift in Sources */ = {isa = PBXBuildFile; fileRef = 34BC78FA1DC93318004128F3 /* gameData.swift */; };
		34C4FC7B1DC9439800120860 /* GameViewController.swift in Sources */ = {isa = PBXBuildFile; fileRef = 34C4FC7A1DC9439800120860 /* GameViewController.swift */; };
		34C4FC811DC9443900120860 /* GameScene.swift in Sources */ = {isa = PBXBuildFile; fileRef = 34C4FC801DC9443900120860 /* GameScene.swift */; };
/* End PBXBuildFile section */

/* Begin PBXCopyFilesBuildPhase section */
		34BC78F41DC92708004128F3 /* Embed Frameworks */ = {
			isa = PBXCopyFilesBuildPhase;
			buildActionMask = 2147483647;
			dstPath = "";
			dstSubfolderSpec = 10;
			files = (
				34BC78F71DC9270E004128F3 /* RealmSwift.framework in Embed Frameworks */,
				34BC78F31DC92708004128F3 /* Realm.framework in Embed Frameworks */,
			);
			name = "Embed Frameworks";
			runOnlyForDeploymentPostprocessing = 0;
		};
/* End PBXCopyFilesBuildPhase section */

/* Begin PBXFileReference section */
		341691331DC3AFBD000ACF86 /* Prepanet-ReaccionesDeAldehidos.app */ = {isa = PBXFileReference; explicitFileType = wrapper.application; includeInIndex = 0; path = "Prepanet-ReaccionesDeAldehidos.app"; sourceTree = BUILT_PRODUCTS_DIR; };
		341691361DC3AFBD000ACF86 /* AppDelegate.swift */ = {isa = PBXFileReference; lastKnownFileType = sourcecode.swift; path = AppDelegate.swift; sourceTree = "<group>"; };
		3416913D1DC3AFBD000ACF86 /* Base */ = {isa = PBXFileReference; lastKnownFileType = file.storyboard; name = Base; path = Base.lproj/Main.storyboard; sourceTree = "<group>"; };
		3416913F1DC3AFBD000ACF86 /* Assets.xcassets */ = {isa = PBXFileReference; lastKnownFileType = folder.assetcatalog; path = Assets.xcassets; sourceTree = "<group>"; };
		341691421DC3AFBD000ACF86 /* Base */ = {isa = PBXFileReference; lastKnownFileType = file.storyboard; name = Base; path = Base.lproj/LaunchScreen.storyboard; sourceTree = "<group>"; };
		341691441DC3AFBD000ACF86 /* Info.plist */ = {isa = PBXFileReference; lastKnownFileType = text.plist.xml; path = Info.plist; sourceTree = "<group>"; };
		3416914A1DC3B4F0000ACF86 /* ReferenceViewController.swift */ = {isa = PBXFileReference; fileEncoding = 4; lastKnownFileType = sourcecode.swift; path = ReferenceViewController.swift; sourceTree = "<group>"; };
		344D87811DCA74A800F2C2E2 /* GameScene.sks */ = {isa = PBXFileReference; lastKnownFileType = file.sks; path = GameScene.sks; sourceTree = "<group>"; };
		344F52581DC79B66005BC792 /* TabBarViewController.swift */ = {isa = PBXFileReference; fileEncoding = 4; lastKnownFileType = sourcecode.swift; path = TabBarViewController.swift; sourceTree = "<group>"; };
		344F525A1DC7B86A005BC792 /* NavigationController.swift */ = {isa = PBXFileReference; fileEncoding = 4; lastKnownFileType = sourcecode.swift; path = NavigationController.swift; sourceTree = "<group>"; };
		34517A7D1DC3C2E300E71017 /* ReferenceCollectionViewCell.swift */ = {isa = PBXFileReference; fileEncoding = 4; lastKnownFileType = sourcecode.swift; path = ReferenceCollectionViewCell.swift; sourceTree = "<group>"; };
		349E20C71DC94B8800EBAAC7 /* chemicalComponent.swift */ = {isa = PBXFileReference; fileEncoding = 4; lastKnownFileType = sourcecode.swift; path = chemicalComponent.swift; sourceTree = "<group>"; };
		349E20C91DC94C7D00EBAAC7 /* chemicalCompound.swift */ = {isa = PBXFileReference; fileEncoding = 4; lastKnownFileType = sourcecode.swift; path = chemicalCompound.swift; sourceTree = "<group>"; };
		349E20CB1DC96ADA00EBAAC7 /* setupDB.swift */ = {isa = PBXFileReference; fileEncoding = 4; lastKnownFileType = sourcecode.swift; path = setupDB.swift; sourceTree = "<group>"; };
		34A3E7F21DC814E700E54712 /* InformationViewController.swift */ = {isa = PBXFileReference; fileEncoding = 4; lastKnownFileType = sourcecode.swift; path = InformationViewController.swift; sourceTree = "<group>"; };
		34BC78C11DC846D2004128F3 /* ExamViewController.swift */ = {isa = PBXFileReference; fileEncoding = 4; lastKnownFileType = sourcecode.swift; name = ExamViewController.swift; path = ../ExamViewController.swift; sourceTree = "<group>"; };
		34BC78C31DC854F0004128F3 /* GameMenuViewController.swift */ = {isa = PBXFileReference; fileEncoding = 4; lastKnownFileType = sourcecode.swift; name = GameMenuViewController.swift; path = ../GameMenuViewController.swift; sourceTree = "<group>"; };
		34BC78F11DC92708004128F3 /* Realm.framework */ = {isa = PBXFileReference; lastKnownFileType = wrapper.framework; path = Realm.framework; sourceTree = "<group>"; };
		34BC78F51DC9270E004128F3 /* RealmSwift.framework */ = {isa = PBXFileReference; lastKnownFileType = wrapper.framework; path = RealmSwift.framework; sourceTree = "<group>"; };
		34BC78FA1DC93318004128F3 /* gameData.swift */ = {isa = PBXFileReference; fileEncoding = 4; lastKnownFileType = sourcecode.swift; path = gameData.swift; sourceTree = "<group>"; };
		34C4FC7A1DC9439800120860 /* GameViewController.swift */ = {isa = PBXFileReference; fileEncoding = 4; lastKnownFileType = sourcecode.swift; path = GameViewController.swift; sourceTree = "<group>"; };
		34C4FC801DC9443900120860 /* GameScene.swift */ = {isa = PBXFileReference; fileEncoding = 4; lastKnownFileType = sourcecode.swift; path = GameScene.swift; sourceTree = "<group>"; };
/* End PBXFileReference section */

/* Begin PBXFrameworksBuildPhase section */
		341691301DC3AFBD000ACF86 /* Frameworks */ = {
			isa = PBXFrameworksBuildPhase;
			buildActionMask = 2147483647;
			files = (
				34BC78F61DC9270E004128F3 /* RealmSwift.framework in Frameworks */,
				34BC78F21DC92708004128F3 /* Realm.framework in Frameworks */,
			);
			runOnlyForDeploymentPostprocessing = 0;
		};
/* End PBXFrameworksBuildPhase section */

/* Begin PBXGroup section */
		3416912A1DC3AFBD000ACF86 = {
			isa = PBXGroup;
			children = (
				34BC78F51DC9270E004128F3 /* RealmSwift.framework */,
				34BC78F11DC92708004128F3 /* Realm.framework */,
				341691351DC3AFBD000ACF86 /* Prepanet-ReaccionesDeAldehidos */,
				341691341DC3AFBD000ACF86 /* Products */,
			);
			sourceTree = "<group>";
		};
		341691341DC3AFBD000ACF86 /* Products */ = {
			isa = PBXGroup;
			children = (
				341691331DC3AFBD000ACF86 /* Prepanet-ReaccionesDeAldehidos.app */,
			);
			name = Products;
			sourceTree = "<group>";
		};
		341691351DC3AFBD000ACF86 /* Prepanet-ReaccionesDeAldehidos */ = {
			isa = PBXGroup;
			children = (
				34BC78F91DC932BE004128F3 /* Realm */,
				341691361DC3AFBD000ACF86 /* AppDelegate.swift */,
				349E20CB1DC96ADA00EBAAC7 /* setupDB.swift */,
				3416913C1DC3AFBD000ACF86 /* Main.storyboard */,
				34A3E7F21DC814E700E54712 /* InformationViewController.swift */,
				34BC78C31DC854F0004128F3 /* GameMenuViewController.swift */,
				34C4FC7A1DC9439800120860 /* GameViewController.swift */,
				34C4FC801DC9443900120860 /* GameScene.swift */,
				344D87811DCA74A800F2C2E2 /* GameScene.sks */,
				344F525A1DC7B86A005BC792 /* NavigationController.swift */,
				344F52581DC79B66005BC792 /* TabBarViewController.swift */,
				34517A7D1DC3C2E300E71017 /* ReferenceCollectionViewCell.swift */,
				34BC78C11DC846D2004128F3 /* ExamViewController.swift */,
				3416914A1DC3B4F0000ACF86 /* ReferenceViewController.swift */,
				3416913F1DC3AFBD000ACF86 /* Assets.xcassets */,
				341691411DC3AFBD000ACF86 /* LaunchScreen.storyboard */,
				341691441DC3AFBD000ACF86 /* Info.plist */,
			);
			path = "Prepanet-ReaccionesDeAldehidos";
			sourceTree = "<group>";
		};
		34BC78F91DC932BE004128F3 /* Realm */ = {
			isa = PBXGroup;
			children = (
				34BC78FA1DC93318004128F3 /* gameData.swift */,
				349E20C91DC94C7D00EBAAC7 /* chemicalCompound.swift */,
				349E20C71DC94B8800EBAAC7 /* chemicalComponent.swift */,
			);
			name = Realm;
			sourceTree = "<group>";
		};
/* End PBXGroup section */

/* Begin PBXNativeTarget section */
		341691321DC3AFBD000ACF86 /* Prepanet-ReaccionesDeAldehidos */ = {
			isa = PBXNativeTarget;
			buildConfigurationList = 341691471DC3AFBD000ACF86 /* Build configuration list for PBXNativeTarget "Prepanet-ReaccionesDeAldehidos" */;
			buildPhases = (
				3416912F1DC3AFBD000ACF86 /* Sources */,
				341691301DC3AFBD000ACF86 /* Frameworks */,
				341691311DC3AFBD000ACF86 /* Resources */,
				34BC78F41DC92708004128F3 /* Embed Frameworks */,
				34BC78F81DC9286D004128F3 /* ShellScript */,
			);
			buildRules = (
			);
			dependencies = (
			);
			name = "Prepanet-ReaccionesDeAldehidos";
			productName = "Prepanet-ReaccionesDeAldehidos";
			productReference = 341691331DC3AFBD000ACF86 /* Prepanet-ReaccionesDeAldehidos.app */;
			productType = "com.apple.product-type.application";
		};
/* End PBXNativeTarget section */

/* Begin PBXProject section */
		3416912B1DC3AFBD000ACF86 /* Project object */ = {
			isa = PBXProject;
			attributes = {
				LastSwiftUpdateCheck = 0800;
				LastUpgradeCheck = 0810;
				ORGANIZATIONNAME = "Mauro Amarante";
				TargetAttributes = {
					341691321DC3AFBD000ACF86 = {
						CreatedOnToolsVersion = 8.0;
						DevelopmentTeam = CPUPH3A362;
						ProvisioningStyle = Automatic;
					};
				};
			};
			buildConfigurationList = 3416912E1DC3AFBD000ACF86 /* Build configuration list for PBXProject "Prepanet-ReaccionesDeAldehidos" */;
			compatibilityVersion = "Xcode 3.2";
			developmentRegion = English;
			hasScannedForEncodings = 0;
			knownRegions = (
				en,
				Base,
			);
			mainGroup = 3416912A1DC3AFBD000ACF86;
			productRefGroup = 341691341DC3AFBD000ACF86 /* Products */;
			projectDirPath = "";
			projectRoot = "";
			targets = (
				341691321DC3AFBD000ACF86 /* Prepanet-ReaccionesDeAldehidos */,
			);
		};
/* End PBXProject section */

/* Begin PBXResourcesBuildPhase section */
		341691311DC3AFBD000ACF86 /* Resources */ = {
			isa = PBXResourcesBuildPhase;
			buildActionMask = 2147483647;
			files = (
				341691431DC3AFBD000ACF86 /* LaunchScreen.storyboard in Resources */,
				341691401DC3AFBD000ACF86 /* Assets.xcassets in Resources */,
				3416913E1DC3AFBD000ACF86 /* Main.storyboard in Resources */,
				344D87821DCA74A800F2C2E2 /* GameScene.sks in Resources */,
			);
			runOnlyForDeploymentPostprocessing = 0;
		};
/* End PBXResourcesBuildPhase section */

/* Begin PBXShellScriptBuildPhase section */
		34BC78F81DC9286D004128F3 /* ShellScript */ = {
			isa = PBXShellScriptBuildPhase;
			buildActionMask = 2147483647;
			files = (
			);
			inputPaths = (
			);
			outputPaths = (
			);
			runOnlyForDeploymentPostprocessing = 0;
			shellPath = /bin/sh;
			shellScript = "bash \"${BUILT_PRODUCTS_DIR}/${FRAMEWORKS_FOLDER_PATH}/Realm.framework/strip-frameworks.sh\"";
		};
/* End PBXShellScriptBuildPhase section */

/* Begin PBXSourcesBuildPhase section */
		3416912F1DC3AFBD000ACF86 /* Sources */ = {
			isa = PBXSourcesBuildPhase;
			buildActionMask = 2147483647;
			files = (
				349E20CA1DC94C7D00EBAAC7 /* chemicalCompound.swift in Sources */,
				34C4FC7B1DC9439800120860 /* GameViewController.swift in Sources */,
				3416914B1DC3B4F0000ACF86 /* ReferenceViewController.swift in Sources */,
				344F525B1DC7B86A005BC792 /* NavigationController.swift in Sources */,
				34A3E7F31DC814E700E54712 /* InformationViewController.swift in Sources */,
				34BC78C21DC846D2004128F3 /* ExamViewController.swift in Sources */,
				34C4FC811DC9443900120860 /* GameScene.swift in Sources */,
				34BC78C41DC854F0004128F3 /* GameMenuViewController.swift in Sources */,
				349E20C81DC94B8800EBAAC7 /* chemicalComponent.swift in Sources */,
				34517A7E1DC3C2E300E71017 /* ReferenceCollectionViewCell.swift in Sources */,
				34BC78FB1DC93318004128F3 /* gameData.swift in Sources */,
				344F52591DC79B66005BC792 /* TabBarViewController.swift in Sources */,
				341691371DC3AFBD000ACF86 /* AppDelegate.swift in Sources */,
				349E20CC1DC96ADA00EBAAC7 /* setupDB.swift in Sources */,
			);
			runOnlyForDeploymentPostprocessing = 0;
		};
/* End PBXSourcesBuildPhase section */

/* Begin PBXVariantGroup section */
		3416913C1DC3AFBD000ACF86 /* Main.storyboard */ = {
			isa = PBXVariantGroup;
			children = (
				3416913D1DC3AFBD000ACF86 /* Base */,
			);
			name = Main.storyboard;
			sourceTree = "<group>";
		};
		341691411DC3AFBD000ACF86 /* LaunchScreen.storyboard */ = {
			isa = PBXVariantGroup;
			children = (
				341691421DC3AFBD000ACF86 /* Base */,
			);
			name = LaunchScreen.storyboard;
			sourceTree = "<group>";
		};
/* End PBXVariantGroup section */

/* Begin XCBuildConfiguration section */
		341691451DC3AFBD000ACF86 /* Debug */ = {
			isa = XCBuildConfiguration;
			buildSettings = {
				ALWAYS_SEARCH_USER_PATHS = NO;
				CLANG_ANALYZER_NONNULL = YES;
				CLANG_CXX_LANGUAGE_STANDARD = "gnu++0x";
				CLANG_CXX_LIBRARY = "libc++";
				CLANG_ENABLE_MODULES = YES;
				CLANG_ENABLE_OBJC_ARC = YES;
				CLANG_WARN_BOOL_CONVERSION = YES;
				CLANG_WARN_CONSTANT_CONVERSION = YES;
				CLANG_WARN_DIRECT_OBJC_ISA_USAGE = YES_ERROR;
				CLANG_WARN_DOCUMENTATION_COMMENTS = YES;
				CLANG_WARN_EMPTY_BODY = YES;
				CLANG_WARN_ENUM_CONVERSION = YES;
				CLANG_WARN_INFINITE_RECURSION = YES;
				CLANG_WARN_INT_CONVERSION = YES;
				CLANG_WARN_OBJC_ROOT_CLASS = YES_ERROR;
				CLANG_WARN_SUSPICIOUS_MOVE = YES;
				CLANG_WARN_SUSPICIOUS_MOVES = YES;
				CLANG_WARN_UNREACHABLE_CODE = YES;
				CLANG_WARN__DUPLICATE_METHOD_MATCH = YES;
				"CODE_SIGN_IDENTITY[sdk=iphoneos*]" = "iPhone Developer";
				COPY_PHASE_STRIP = NO;
				DEBUG_INFORMATION_FORMAT = dwarf;
				ENABLE_STRICT_OBJC_MSGSEND = YES;
				ENABLE_TESTABILITY = YES;
				GCC_C_LANGUAGE_STANDARD = gnu99;
				GCC_DYNAMIC_NO_PIC = NO;
				GCC_NO_COMMON_BLOCKS = YES;
				GCC_OPTIMIZATION_LEVEL = 0;
				GCC_PREPROCESSOR_DEFINITIONS = (
					"DEBUG=1",
					"$(inherited)",
				);
				GCC_WARN_64_TO_32_BIT_CONVERSION = YES;
				GCC_WARN_ABOUT_RETURN_TYPE = YES_ERROR;
				GCC_WARN_UNDECLARED_SELECTOR = YES;
				GCC_WARN_UNINITIALIZED_AUTOS = YES_AGGRESSIVE;
				GCC_WARN_UNUSED_FUNCTION = YES;
				GCC_WARN_UNUSED_VARIABLE = YES;
				IPHONEOS_DEPLOYMENT_TARGET = 9.0;
				MTL_ENABLE_DEBUG_INFO = YES;
				ONLY_ACTIVE_ARCH = YES;
				SDKROOT = iphoneos;
				SWIFT_ACTIVE_COMPILATION_CONDITIONS = DEBUG;
				SWIFT_OPTIMIZATION_LEVEL = "-Onone";
				TARGETED_DEVICE_FAMILY = "1,2";
			};
			name = Debug;
		};
		341691461DC3AFBD000ACF86 /* Release */ = {
			isa = XCBuildConfiguration;
			buildSettings = {
				ALWAYS_SEARCH_USER_PATHS = NO;
				CLANG_ANALYZER_NONNULL = YES;
				CLANG_CXX_LANGUAGE_STANDARD = "gnu++0x";
				CLANG_CXX_LIBRARY = "libc++";
				CLANG_ENABLE_MODULES = YES;
				CLANG_ENABLE_OBJC_ARC = YES;
				CLANG_WARN_BOOL_CONVERSION = YES;
				CLANG_WARN_CONSTANT_CONVERSION = YES;
				CLANG_WARN_DIRECT_OBJC_ISA_USAGE = YES_ERROR;
				CLANG_WARN_DOCUMENTATION_COMMENTS = YES;
				CLANG_WARN_EMPTY_BODY = YES;
				CLANG_WARN_ENUM_CONVERSION = YES;
				CLANG_WARN_INFINITE_RECURSION = YES;
				CLANG_WARN_INT_CONVERSION = YES;
				CLANG_WARN_OBJC_ROOT_CLASS = YES_ERROR;
				CLANG_WARN_SUSPICIOUS_MOVE = YES;
				CLANG_WARN_SUSPICIOUS_MOVES = YES;
				CLANG_WARN_UNREACHABLE_CODE = YES;
				CLANG_WARN__DUPLICATE_METHOD_MATCH = YES;
				"CODE_SIGN_IDENTITY[sdk=iphoneos*]" = "iPhone Developer";
				COPY_PHASE_STRIP = NO;
				DEBUG_INFORMATION_FORMAT = "dwarf-with-dsym";
				ENABLE_NS_ASSERTIONS = NO;
				ENABLE_STRICT_OBJC_MSGSEND = YES;
				GCC_C_LANGUAGE_STANDARD = gnu99;
				GCC_NO_COMMON_BLOCKS = YES;
				GCC_WARN_64_TO_32_BIT_CONVERSION = YES;
				GCC_WARN_ABOUT_RETURN_TYPE = YES_ERROR;
				GCC_WARN_UNDECLARED_SELECTOR = YES;
				GCC_WARN_UNINITIALIZED_AUTOS = YES_AGGRESSIVE;
				GCC_WARN_UNUSED_FUNCTION = YES;
				GCC_WARN_UNUSED_VARIABLE = YES;
				IPHONEOS_DEPLOYMENT_TARGET = 9.0;
				MTL_ENABLE_DEBUG_INFO = NO;
				SDKROOT = iphoneos;
				SWIFT_OPTIMIZATION_LEVEL = "-Owholemodule";
				TARGETED_DEVICE_FAMILY = "1,2";
				VALIDATE_PRODUCT = YES;
			};
			name = Release;
		};
		341691481DC3AFBD000ACF86 /* Debug */ = {
			isa = XCBuildConfiguration;
			buildSettings = {
				ASSETCATALOG_COMPILER_APPICON_NAME = AppIcon;
				DEVELOPMENT_TEAM = CPUPH3A362;
				FRAMEWORK_SEARCH_PATHS = (
					"$(inherited)",
					"$(PROJECT_DIR)",
				);
				INFOPLIST_FILE = "Prepanet-ReaccionesDeAldehidos/Info.plist";
				IPHONEOS_DEPLOYMENT_TARGET = 9.0;
				LD_RUNPATH_SEARCH_PATHS = "$(inherited) @executable_path/Frameworks";
				PRODUCT_BUNDLE_IDENTIFIER = "mx.itesm.Prepanet-ReaccionesDeAldehidos";
				PRODUCT_NAME = "$(TARGET_NAME)";
				SWIFT_VERSION = 3.0;
				TARGETED_DEVICE_FAMILY = 1;
			};
			name = Debug;
		};
		341691491DC3AFBD000ACF86 /* Release */ = {
			isa = XCBuildConfiguration;
			buildSettings = {
				ASSETCATALOG_COMPILER_APPICON_NAME = AppIcon;
				DEVELOPMENT_TEAM = CPUPH3A362;
				FRAMEWORK_SEARCH_PATHS = (
					"$(inherited)",
					"$(PROJECT_DIR)",
				);
				INFOPLIST_FILE = "Prepanet-ReaccionesDeAldehidos/Info.plist";
				IPHONEOS_DEPLOYMENT_TARGET = 9.0;
				LD_RUNPATH_SEARCH_PATHS = "$(inherited) @executable_path/Frameworks";
				PRODUCT_BUNDLE_IDENTIFIER = "mx.itesm.Prepanet-ReaccionesDeAldehidos";
				PRODUCT_NAME = "$(TARGET_NAME)";
				SWIFT_VERSION = 3.0;
				TARGETED_DEVICE_FAMILY = 1;
			};
			name = Release;
		};
/* End XCBuildConfiguration section */

/* Begin XCConfigurationList section */
		3416912E1DC3AFBD000ACF86 /* Build configuration list for PBXProject "Prepanet-ReaccionesDeAldehidos" */ = {
			isa = XCConfigurationList;
			buildConfigurations = (
				341691451DC3AFBD000ACF86 /* Debug */,
				341691461DC3AFBD000ACF86 /* Release */,
			);
			defaultConfigurationIsVisible = 0;
			defaultConfigurationName = Release;
		};
		341691471DC3AFBD000ACF86 /* Build configuration list for PBXNativeTarget "Prepanet-ReaccionesDeAldehidos" */ = {
			isa = XCConfigurationList;
			buildConfigurations = (
				341691481DC3AFBD000ACF86 /* Debug */,
				341691491DC3AFBD000ACF86 /* Release */,
			);
			defaultConfigurationIsVisible = 0;
			defaultConfigurationName = Release;
		};
/* End XCConfigurationList section */
	};
	rootObject = 3416912B1DC3AFBD000ACF86 /* Project object */;
}
